
Microsoft Visual Studio Solution File, Format Version 12.00
# Visual Studio Version 16
VisualStudioVersion = 16.0.31424.327
MinimumVisualStudioVersion = 10.0.40219.1
Project("{FAE04EC0-301F-11D3-BF4B-00C04F79EFBC}") = "ReverseArray", "ReverseArray\ReverseArray.csproj", "{02BCF8C2-54E5-4D0D-8003-98C5CE472DB2}"
EndProject
Global
	GlobalSection(SolutionConfigurationPlatforms) = preSolution
		Debug|Any CPU = Debug|Any CPU
		Release|Any CPU = Release|Any CPU
	EndGlobalSection
	GlobalSection(ProjectConfigurationPlatforms) = postSolution
		{02BCF8C2-54E5-4D0D-8003-98C5CE472DB2}.Debug|Any CPU.ActiveCfg = Debug|Any CPU
		{02BCF8C2-54E5-4D0D-8003-98C5CE472DB2}.Debug|Any CPU.Build.0 = Debug|Any CPU
		{02BCF8C2-54E5-4D0D-8003-98C5CE472DB2}.Release|Any CPU.ActiveCfg = Release|Any CPU
		{02BCF8C2-54E5-4D0D-8003-98C5CE472DB2}.Release|Any CPU.Build.0 = Release|Any CPU
	EndGlobalSection
	GlobalSection(SolutionProperties) = preSolution
		HideSolutionNode = FALSE
	EndGlobalSection
	GlobalSection(ExtensibilityGlobals) = postSolution
		SolutionGuid = {E0D2EE3E-AD4E-4B42-9606-01A3A7F5594A}
	EndGlobalSection
EndGlobal
